// !$*UTF8*$!
{
	archiveVersion = 1;
	classes = {
	};
	objectVersion = 56;
	objects = {

/* Begin PBXBuildFile section */
		A102FFDD28D49DD10037E170 /* ImageService.swift in Sources */ = {isa = PBXBuildFile; fileRef = A102FFDC28D49DD10037E170 /* ImageService.swift */; };
		A102FFDE28D4B7830037E170 /* ImageService.swift in Sources */ = {isa = PBXBuildFile; fileRef = A102FFDC28D49DD10037E170 /* ImageService.swift */; };
		A182F86328D3BE29003230DF /* MoodWidgetsApp.swift in Sources */ = {isa = PBXBuildFile; fileRef = A182F86228D3BE29003230DF /* MoodWidgetsApp.swift */; };
		A182F86528D3BE29003230DF /* ContentView.swift in Sources */ = {isa = PBXBuildFile; fileRef = A182F86428D3BE29003230DF /* ContentView.swift */; };
		A182F86728D3BE2B003230DF /* Assets.xcassets in Resources */ = {isa = PBXBuildFile; fileRef = A182F86628D3BE2B003230DF /* Assets.xcassets */; };
		A182F86A28D3BE2B003230DF /* Preview Assets.xcassets in Resources */ = {isa = PBXBuildFile; fileRef = A182F86928D3BE2B003230DF /* Preview Assets.xcassets */; };
		A182F87428D3BE2B003230DF /* moodwidgetsTests.swift in Sources */ = {isa = PBXBuildFile; fileRef = A182F87328D3BE2B003230DF /* moodwidgetsTests.swift */; };
		A182F87E28D3BE2B003230DF /* moodwidgetsUITests.swift in Sources */ = {isa = PBXBuildFile; fileRef = A182F87D28D3BE2B003230DF /* moodwidgetsUITests.swift */; };
		A182F88028D3BE2B003230DF /* moodwidgetsUITestsLaunchTests.swift in Sources */ = {isa = PBXBuildFile; fileRef = A182F87F28D3BE2B003230DF /* moodwidgetsUITestsLaunchTests.swift */; };
		A182F89428D3E56B003230DF /* WidgetKit.framework in Frameworks */ = {isa = PBXBuildFile; fileRef = A182F89328D3E56B003230DF /* WidgetKit.framework */; };
		A182F89628D3E56B003230DF /* SwiftUI.framework in Frameworks */ = {isa = PBXBuildFile; fileRef = A182F89528D3E56B003230DF /* SwiftUI.framework */; };
		A182F89928D3E56C003230DF /* Widgets.swift in Sources */ = {isa = PBXBuildFile; fileRef = A182F89828D3E56C003230DF /* Widgets.swift */; };
		A182F89B28D3E56D003230DF /* Assets.xcassets in Resources */ = {isa = PBXBuildFile; fileRef = A182F89A28D3E56D003230DF /* Assets.xcassets */; };
		A182F89F28D3E56D003230DF /* widgetsExtension.appex in Embed Foundation Extensions */ = {isa = PBXBuildFile; fileRef = A182F89128D3E56B003230DF /* widgetsExtension.appex */; settings = {ATTRIBUTES = (RemoveHeadersOnCopy, ); }; };
		A182F8A528D3F3AA003230DF /* Provider.swift in Sources */ = {isa = PBXBuildFile; fileRef = A182F8A428D3F3AA003230DF /* Provider.swift */; };
		A182F8A728D3F418003230DF /* SimpleEntry.swift in Sources */ = {isa = PBXBuildFile; fileRef = A182F8A628D3F418003230DF /* SimpleEntry.swift */; };
		A182F8A928D3F4AC003230DF /* WidgetView.swift in Sources */ = {isa = PBXBuildFile; fileRef = A182F8A828D3F4AC003230DF /* WidgetView.swift */; };
		A182F8AB28D4139B003230DF /* SmallSizeView.swift in Sources */ = {isa = PBXBuildFile; fileRef = A182F8AA28D4139B003230DF /* SmallSizeView.swift */; };
		A182F8AD28D413A8003230DF /* LargeSizeView.swift in Sources */ = {isa = PBXBuildFile; fileRef = A182F8AC28D413A8003230DF /* LargeSizeView.swift */; };
		A182F8AF28D413B3003230DF /* MediumSizeView.swift in Sources */ = {isa = PBXBuildFile; fileRef = A182F8AE28D413B3003230DF /* MediumSizeView.swift */; };
/* End PBXBuildFile section */

/* Begin PBXContainerItemProxy section */
		A182F87028D3BE2B003230DF /* PBXContainerItemProxy */ = {
			isa = PBXContainerItemProxy;
			containerPortal = A182F85728D3BE29003230DF /* Project object */;
			proxyType = 1;
			remoteGlobalIDString = A182F85E28D3BE29003230DF;
			remoteInfo = moodwidgets;
		};
		A182F87A28D3BE2B003230DF /* PBXContainerItemProxy */ = {
			isa = PBXContainerItemProxy;
			containerPortal = A182F85728D3BE29003230DF /* Project object */;
			proxyType = 1;
			remoteGlobalIDString = A182F85E28D3BE29003230DF;
			remoteInfo = moodwidgets;
		};
		A182F89D28D3E56D003230DF /* PBXContainerItemProxy */ = {
			isa = PBXContainerItemProxy;
			containerPortal = A182F85728D3BE29003230DF /* Project object */;
			proxyType = 1;
			remoteGlobalIDString = A182F89028D3E56B003230DF;
			remoteInfo = widgetsExtension;
		};
/* End PBXContainerItemProxy section */

/* Begin PBXCopyFilesBuildPhase section */
		A182F8A328D3E56D003230DF /* Embed Foundation Extensions */ = {
			isa = PBXCopyFilesBuildPhase;
			buildActionMask = 2147483647;
			dstPath = "";
			dstSubfolderSpec = 13;
			files = (
				A182F89F28D3E56D003230DF /* widgetsExtension.appex in Embed Foundation Extensions */,
			);
			name = "Embed Foundation Extensions";
			runOnlyForDeploymentPostprocessing = 0;
		};
/* End PBXCopyFilesBuildPhase section */

/* Begin PBXFileReference section */
		A102FFDC28D49DD10037E170 /* ImageService.swift */ = {isa = PBXFileReference; lastKnownFileType = sourcecode.swift; path = ImageService.swift; sourceTree = "<group>"; };
		A182F85F28D3BE29003230DF /* moodwidgets.app */ = {isa = PBXFileReference; explicitFileType = wrapper.application; includeInIndex = 0; path = moodwidgets.app; sourceTree = BUILT_PRODUCTS_DIR; };
		A182F86228D3BE29003230DF /* MoodWidgetsApp.swift */ = {isa = PBXFileReference; lastKnownFileType = sourcecode.swift; path = MoodWidgetsApp.swift; sourceTree = "<group>"; };
		A182F86428D3BE29003230DF /* ContentView.swift */ = {isa = PBXFileReference; lastKnownFileType = sourcecode.swift; path = ContentView.swift; sourceTree = "<group>"; };
		A182F86628D3BE2B003230DF /* Assets.xcassets */ = {isa = PBXFileReference; lastKnownFileType = folder.assetcatalog; path = Assets.xcassets; sourceTree = "<group>"; };
		A182F86928D3BE2B003230DF /* Preview Assets.xcassets */ = {isa = PBXFileReference; lastKnownFileType = folder.assetcatalog; path = "Preview Assets.xcassets"; sourceTree = "<group>"; };
		A182F86F28D3BE2B003230DF /* moodwidgetsTests.xctest */ = {isa = PBXFileReference; explicitFileType = wrapper.cfbundle; includeInIndex = 0; path = moodwidgetsTests.xctest; sourceTree = BUILT_PRODUCTS_DIR; };
		A182F87328D3BE2B003230DF /* moodwidgetsTests.swift */ = {isa = PBXFileReference; lastKnownFileType = sourcecode.swift; path = moodwidgetsTests.swift; sourceTree = "<group>"; };
		A182F87928D3BE2B003230DF /* moodwidgetsUITests.xctest */ = {isa = PBXFileReference; explicitFileType = wrapper.cfbundle; includeInIndex = 0; path = moodwidgetsUITests.xctest; sourceTree = BUILT_PRODUCTS_DIR; };
		A182F87D28D3BE2B003230DF /* moodwidgetsUITests.swift */ = {isa = PBXFileReference; lastKnownFileType = sourcecode.swift; path = moodwidgetsUITests.swift; sourceTree = "<group>"; };
		A182F87F28D3BE2B003230DF /* moodwidgetsUITestsLaunchTests.swift */ = {isa = PBXFileReference; lastKnownFileType = sourcecode.swift; path = moodwidgetsUITestsLaunchTests.swift; sourceTree = "<group>"; };
		A182F89128D3E56B003230DF /* widgetsExtension.appex */ = {isa = PBXFileReference; explicitFileType = "wrapper.app-extension"; includeInIndex = 0; path = widgetsExtension.appex; sourceTree = BUILT_PRODUCTS_DIR; };
		A182F89328D3E56B003230DF /* WidgetKit.framework */ = {isa = PBXFileReference; lastKnownFileType = wrapper.framework; name = WidgetKit.framework; path = System/Library/Frameworks/WidgetKit.framework; sourceTree = SDKROOT; };
		A182F89528D3E56B003230DF /* SwiftUI.framework */ = {isa = PBXFileReference; lastKnownFileType = wrapper.framework; name = SwiftUI.framework; path = System/Library/Frameworks/SwiftUI.framework; sourceTree = SDKROOT; };
		A182F89828D3E56C003230DF /* Widgets.swift */ = {isa = PBXFileReference; lastKnownFileType = sourcecode.swift; path = Widgets.swift; sourceTree = "<group>"; };
		A182F89A28D3E56D003230DF /* Assets.xcassets */ = {isa = PBXFileReference; lastKnownFileType = folder.assetcatalog; path = Assets.xcassets; sourceTree = "<group>"; };
		A182F89C28D3E56D003230DF /* Info.plist */ = {isa = PBXFileReference; lastKnownFileType = text.plist.xml; path = Info.plist; sourceTree = "<group>"; };
		A182F8A428D3F3AA003230DF /* Provider.swift */ = {isa = PBXFileReference; lastKnownFileType = sourcecode.swift; path = Provider.swift; sourceTree = "<group>"; };
		A182F8A628D3F418003230DF /* SimpleEntry.swift */ = {isa = PBXFileReference; lastKnownFileType = sourcecode.swift; path = SimpleEntry.swift; sourceTree = "<group>"; };
		A182F8A828D3F4AC003230DF /* WidgetView.swift */ = {isa = PBXFileReference; lastKnownFileType = sourcecode.swift; path = WidgetView.swift; sourceTree = "<group>"; };
		A182F8AA28D4139B003230DF /* SmallSizeView.swift */ = {isa = PBXFileReference; indentWidth = 2; lastKnownFileType = sourcecode.swift; path = SmallSizeView.swift; sourceTree = "<group>"; tabWidth = 2; };
		A182F8AC28D413A8003230DF /* LargeSizeView.swift */ = {isa = PBXFileReference; lastKnownFileType = sourcecode.swift; path = LargeSizeView.swift; sourceTree = "<group>"; };
		A182F8AE28D413B3003230DF /* MediumSizeView.swift */ = {isa = PBXFileReference; lastKnownFileType = sourcecode.swift; path = MediumSizeView.swift; sourceTree = "<group>"; };
/* End PBXFileReference section */

/* Begin PBXFrameworksBuildPhase section */
		A182F85C28D3BE29003230DF /* Frameworks */ = {
			isa = PBXFrameworksBuildPhase;
			buildActionMask = 2147483647;
			files = (
			);
			runOnlyForDeploymentPostprocessing = 0;
		};
		A182F86C28D3BE2B003230DF /* Frameworks */ = {
			isa = PBXFrameworksBuildPhase;
			buildActionMask = 2147483647;
			files = (
			);
			runOnlyForDeploymentPostprocessing = 0;
		};
		A182F87628D3BE2B003230DF /* Frameworks */ = {
			isa = PBXFrameworksBuildPhase;
			buildActionMask = 2147483647;
			files = (
			);
			runOnlyForDeploymentPostprocessing = 0;
		};
		A182F88E28D3E56B003230DF /* Frameworks */ = {
			isa = PBXFrameworksBuildPhase;
			buildActionMask = 2147483647;
			files = (
				A182F89628D3E56B003230DF /* SwiftUI.framework in Frameworks */,
				A182F89428D3E56B003230DF /* WidgetKit.framework in Frameworks */,
			);
			runOnlyForDeploymentPostprocessing = 0;
		};
/* End PBXFrameworksBuildPhase section */

/* Begin PBXGroup section */
		A102FFDB28D49DB50037E170 /* Data */ = {
			isa = PBXGroup;
			children = (
				A102FFDC28D49DD10037E170 /* ImageService.swift */,
			);
			path = Data;
			sourceTree = "<group>";
		};
		A182F85628D3BE29003230DF = {
			isa = PBXGroup;
			children = (
				A182F86128D3BE29003230DF /* moodwidgets */,
				A182F87228D3BE2B003230DF /* moodwidgetsTests */,
				A182F87C28D3BE2B003230DF /* moodwidgetsUITests */,
				A182F89728D3E56B003230DF /* widgets */,
				A182F89228D3E56B003230DF /* Frameworks */,
				A182F86028D3BE29003230DF /* Products */,
			);
			sourceTree = "<group>";
		};
		A182F86028D3BE29003230DF /* Products */ = {
			isa = PBXGroup;
			children = (
				A182F85F28D3BE29003230DF /* moodwidgets.app */,
				A182F86F28D3BE2B003230DF /* moodwidgetsTests.xctest */,
				A182F87928D3BE2B003230DF /* moodwidgetsUITests.xctest */,
				A182F89128D3E56B003230DF /* widgetsExtension.appex */,
			);
			name = Products;
			sourceTree = "<group>";
		};
		A182F86128D3BE29003230DF /* moodwidgets */ = {
			isa = PBXGroup;
			children = (
				A182F86228D3BE29003230DF /* MoodWidgetsApp.swift */,
				A102FFDB28D49DB50037E170 /* Data */,
				A182F88C28D3C1A3003230DF /* Views */,
				A182F86628D3BE2B003230DF /* Assets.xcassets */,
				A182F86828D3BE2B003230DF /* Preview Content */,
			);
			path = moodwidgets;
			sourceTree = "<group>";
		};
		A182F86828D3BE2B003230DF /* Preview Content */ = {
			isa = PBXGroup;
			children = (
				A182F86928D3BE2B003230DF /* Preview Assets.xcassets */,
			);
			path = "Preview Content";
			sourceTree = "<group>";
		};
		A182F87228D3BE2B003230DF /* moodwidgetsTests */ = {
			isa = PBXGroup;
			children = (
				A182F87328D3BE2B003230DF /* moodwidgetsTests.swift */,
			);
			path = moodwidgetsTests;
			sourceTree = "<group>";
		};
		A182F87C28D3BE2B003230DF /* moodwidgetsUITests */ = {
			isa = PBXGroup;
			children = (
				A182F87D28D3BE2B003230DF /* moodwidgetsUITests.swift */,
				A182F87F28D3BE2B003230DF /* moodwidgetsUITestsLaunchTests.swift */,
			);
			path = moodwidgetsUITests;
			sourceTree = "<group>";
		};
		A182F88C28D3C1A3003230DF /* Views */ = {
			isa = PBXGroup;
			children = (
				A182F86428D3BE29003230DF /* ContentView.swift */,
			);
			path = Views;
			sourceTree = "<group>";
		};
		A182F89228D3E56B003230DF /* Frameworks */ = {
			isa = PBXGroup;
			children = (
				A182F89328D3E56B003230DF /* WidgetKit.framework */,
				A182F89528D3E56B003230DF /* SwiftUI.framework */,
			);
			name = Frameworks;
			sourceTree = "<group>";
		};
		A182F89728D3E56B003230DF /* widgets */ = {
			isa = PBXGroup;
			children = (
				A182F89828D3E56C003230DF /* Widgets.swift */,
				A182F8B028D4142B003230DF /* Views */,
				A182F8A628D3F418003230DF /* SimpleEntry.swift */,
				A182F8A428D3F3AA003230DF /* Provider.swift */,
				A182F89A28D3E56D003230DF /* Assets.xcassets */,
				A182F89C28D3E56D003230DF /* Info.plist */,
			);
			path = widgets;
			sourceTree = "<group>";
		};
		A182F8B028D4142B003230DF /* Views */ = {
			isa = PBXGroup;
			children = (
				A182F8A828D3F4AC003230DF /* WidgetView.swift */,
				A182F8AA28D4139B003230DF /* SmallSizeView.swift */,
				A182F8AC28D413A8003230DF /* LargeSizeView.swift */,
				A182F8AE28D413B3003230DF /* MediumSizeView.swift */,
			);
			path = Views;
			sourceTree = "<group>";
		};
/* End PBXGroup section */

/* Begin PBXNativeTarget section */
		A182F85E28D3BE29003230DF /* moodwidgets */ = {
			isa = PBXNativeTarget;
			buildConfigurationList = A182F88328D3BE2B003230DF /* Build configuration list for PBXNativeTarget "moodwidgets" */;
			buildPhases = (
				A182F85B28D3BE29003230DF /* Sources */,
				A182F85C28D3BE29003230DF /* Frameworks */,
				A182F85D28D3BE29003230DF /* Resources */,
				A182F8A328D3E56D003230DF /* Embed Foundation Extensions */,
			);
			buildRules = (
			);
			dependencies = (
				A182F89E28D3E56D003230DF /* PBXTargetDependency */,
			);
			name = moodwidgets;
			productName = moodwidgets;
			productReference = A182F85F28D3BE29003230DF /* moodwidgets.app */;
			productType = "com.apple.product-type.application";
		};
		A182F86E28D3BE2B003230DF /* moodwidgetsTests */ = {
			isa = PBXNativeTarget;
			buildConfigurationList = A182F88628D3BE2B003230DF /* Build configuration list for PBXNativeTarget "moodwidgetsTests" */;
			buildPhases = (
				A182F86B28D3BE2B003230DF /* Sources */,
				A182F86C28D3BE2B003230DF /* Frameworks */,
				A182F86D28D3BE2B003230DF /* Resources */,
			);
			buildRules = (
			);
			dependencies = (
				A182F87128D3BE2B003230DF /* PBXTargetDependency */,
			);
			name = moodwidgetsTests;
			productName = moodwidgetsTests;
			productReference = A182F86F28D3BE2B003230DF /* moodwidgetsTests.xctest */;
			productType = "com.apple.product-type.bundle.unit-test";
		};
		A182F87828D3BE2B003230DF /* moodwidgetsUITests */ = {
			isa = PBXNativeTarget;
			buildConfigurationList = A182F88928D3BE2B003230DF /* Build configuration list for PBXNativeTarget "moodwidgetsUITests" */;
			buildPhases = (
				A182F87528D3BE2B003230DF /* Sources */,
				A182F87628D3BE2B003230DF /* Frameworks */,
				A182F87728D3BE2B003230DF /* Resources */,
			);
			buildRules = (
			);
			dependencies = (
				A182F87B28D3BE2B003230DF /* PBXTargetDependency */,
			);
			name = moodwidgetsUITests;
			productName = moodwidgetsUITests;
			productReference = A182F87928D3BE2B003230DF /* moodwidgetsUITests.xctest */;
			productType = "com.apple.product-type.bundle.ui-testing";
		};
		A182F89028D3E56B003230DF /* widgetsExtension */ = {
			isa = PBXNativeTarget;
			buildConfigurationList = A182F8A028D3E56D003230DF /* Build configuration list for PBXNativeTarget "widgetsExtension" */;
			buildPhases = (
				A182F88D28D3E56B003230DF /* Sources */,
				A182F88E28D3E56B003230DF /* Frameworks */,
				A182F88F28D3E56B003230DF /* Resources */,
			);
			buildRules = (
			);
			dependencies = (
			);
			name = widgetsExtension;
			productName = widgetsExtension;
			productReference = A182F89128D3E56B003230DF /* widgetsExtension.appex */;
			productType = "com.apple.product-type.app-extension";
		};
/* End PBXNativeTarget section */

/* Begin PBXProject section */
		A182F85728D3BE29003230DF /* Project object */ = {
			isa = PBXProject;
			attributes = {
				BuildIndependentTargetsInParallel = 1;
				LastSwiftUpdateCheck = 1400;
				LastUpgradeCheck = 1400;
				TargetAttributes = {
					A182F85E28D3BE29003230DF = {
						CreatedOnToolsVersion = 14.0;
					};
					A182F86E28D3BE2B003230DF = {
						CreatedOnToolsVersion = 14.0;
						TestTargetID = A182F85E28D3BE29003230DF;
					};
					A182F87828D3BE2B003230DF = {
						CreatedOnToolsVersion = 14.0;
						TestTargetID = A182F85E28D3BE29003230DF;
					};
					A182F89028D3E56B003230DF = {
						CreatedOnToolsVersion = 14.0;
					};
				};
			};
			buildConfigurationList = A182F85A28D3BE29003230DF /* Build configuration list for PBXProject "moodwidgets" */;
			compatibilityVersion = "Xcode 14.0";
			developmentRegion = en;
			hasScannedForEncodings = 0;
			knownRegions = (
				en,
				Base,
			);
			mainGroup = A182F85628D3BE29003230DF;
			productRefGroup = A182F86028D3BE29003230DF /* Products */;
			projectDirPath = "";
			projectRoot = "";
			targets = (
				A182F85E28D3BE29003230DF /* moodwidgets */,
				A182F86E28D3BE2B003230DF /* moodwidgetsTests */,
				A182F87828D3BE2B003230DF /* moodwidgetsUITests */,
				A182F89028D3E56B003230DF /* widgetsExtension */,
			);
		};
/* End PBXProject section */

/* Begin PBXResourcesBuildPhase section */
		A182F85D28D3BE29003230DF /* Resources */ = {
			isa = PBXResourcesBuildPhase;
			buildActionMask = 2147483647;
			files = (
				A182F86A28D3BE2B003230DF /* Preview Assets.xcassets in Resources */,
				A182F86728D3BE2B003230DF /* Assets.xcassets in Resources */,
			);
			runOnlyForDeploymentPostprocessing = 0;
		};
		A182F86D28D3BE2B003230DF /* Resources */ = {
			isa = PBXResourcesBuildPhase;
			buildActionMask = 2147483647;
			files = (
			);
			runOnlyForDeploymentPostprocessing = 0;
		};
		A182F87728D3BE2B003230DF /* Resources */ = {
			isa = PBXResourcesBuildPhase;
			buildActionMask = 2147483647;
			files = (
			);
			runOnlyForDeploymentPostprocessing = 0;
		};
		A182F88F28D3E56B003230DF /* Resources */ = {
			isa = PBXResourcesBuildPhase;
			buildActionMask = 2147483647;
			files = (
				A182F89B28D3E56D003230DF /* Assets.xcassets in Resources */,
			);
			runOnlyForDeploymentPostprocessing = 0;
		};
/* End PBXResourcesBuildPhase section */

/* Begin PBXSourcesBuildPhase section */
		A182F85B28D3BE29003230DF /* Sources */ = {
			isa = PBXSourcesBuildPhase;
			buildActionMask = 2147483647;
			files = (
				A182F86528D3BE29003230DF /* ContentView.swift in Sources */,
				A182F86328D3BE29003230DF /* MoodWidgetsApp.swift in Sources */,
				A102FFDD28D49DD10037E170 /* ImageService.swift in Sources */,
			);
			runOnlyForDeploymentPostprocessing = 0;
		};
		A182F86B28D3BE2B003230DF /* Sources */ = {
			isa = PBXSourcesBuildPhase;
			buildActionMask = 2147483647;
			files = (
				A182F87428D3BE2B003230DF /* moodwidgetsTests.swift in Sources */,
			);
			runOnlyForDeploymentPostprocessing = 0;
		};
		A182F87528D3BE2B003230DF /* Sources */ = {
			isa = PBXSourcesBuildPhase;
			buildActionMask = 2147483647;
			files = (
				A182F87E28D3BE2B003230DF /* moodwidgetsUITests.swift in Sources */,
				A182F88028D3BE2B003230DF /* moodwidgetsUITestsLaunchTests.swift in Sources */,
			);
			runOnlyForDeploymentPostprocessing = 0;
		};
		A182F88D28D3E56B003230DF /* Sources */ = {
			isa = PBXSourcesBuildPhase;
			buildActionMask = 2147483647;
			files = (
				A182F8AB28D4139B003230DF /* SmallSizeView.swift in Sources */,
				A102FFDE28D4B7830037E170 /* ImageService.swift in Sources */,
				A182F8A728D3F418003230DF /* SimpleEntry.swift in Sources */,
				A182F8A528D3F3AA003230DF /* Provider.swift in Sources */,
				A182F8AD28D413A8003230DF /* LargeSizeView.swift in Sources */,
				A182F8A928D3F4AC003230DF /* WidgetView.swift in Sources */,
				A182F8AF28D413B3003230DF /* MediumSizeView.swift in Sources */,
				A182F89928D3E56C003230DF /* Widgets.swift in Sources */,
			);
			runOnlyForDeploymentPostprocessing = 0;
		};
/* End PBXSourcesBuildPhase section */

/* Begin PBXTargetDependency section */
		A182F87128D3BE2B003230DF /* PBXTargetDependency */ = {
			isa = PBXTargetDependency;
			target = A182F85E28D3BE29003230DF /* moodwidgets */;
			targetProxy = A182F87028D3BE2B003230DF /* PBXContainerItemProxy */;
		};
		A182F87B28D3BE2B003230DF /* PBXTargetDependency */ = {
			isa = PBXTargetDependency;
			target = A182F85E28D3BE29003230DF /* moodwidgets */;
			targetProxy = A182F87A28D3BE2B003230DF /* PBXContainerItemProxy */;
		};
		A182F89E28D3E56D003230DF /* PBXTargetDependency */ = {
			isa = PBXTargetDependency;
			target = A182F89028D3E56B003230DF /* widgetsExtension */;
			targetProxy = A182F89D28D3E56D003230DF /* PBXContainerItemProxy */;
		};
/* End PBXTargetDependency section */

/* Begin XCBuildConfiguration section */
		A182F88128D3BE2B003230DF /* Debug */ = {
			isa = XCBuildConfiguration;
			buildSettings = {
				ALWAYS_SEARCH_USER_PATHS = NO;
				CLANG_ANALYZER_NONNULL = YES;
				CLANG_ANALYZER_NUMBER_OBJECT_CONVERSION = YES_AGGRESSIVE;
				CLANG_CXX_LANGUAGE_STANDARD = "gnu++20";
				CLANG_ENABLE_MODULES = YES;
				CLANG_ENABLE_OBJC_ARC = YES;
				CLANG_ENABLE_OBJC_WEAK = YES;
				CLANG_WARN_BLOCK_CAPTURE_AUTORELEASING = YES;
				CLANG_WARN_BOOL_CONVERSION = YES;
				CLANG_WARN_COMMA = YES;
				CLANG_WARN_CONSTANT_CONVERSION = YES;
				CLANG_WARN_DEPRECATED_OBJC_IMPLEMENTATIONS = YES;
				CLANG_WARN_DIRECT_OBJC_ISA_USAGE = YES_ERROR;
				CLANG_WARN_DOCUMENTATION_COMMENTS = YES;
				CLANG_WARN_EMPTY_BODY = YES;
				CLANG_WARN_ENUM_CONVERSION = YES;
				CLANG_WARN_INFINITE_RECURSION = YES;
				CLANG_WARN_INT_CONVERSION = YES;
				CLANG_WARN_NON_LITERAL_NULL_CONVERSION = YES;
				CLANG_WARN_OBJC_IMPLICIT_RETAIN_SELF = YES;
				CLANG_WARN_OBJC_LITERAL_CONVERSION = YES;
				CLANG_WARN_OBJC_ROOT_CLASS = YES_ERROR;
				CLANG_WARN_QUOTED_INCLUDE_IN_FRAMEWORK_HEADER = YES;
				CLANG_WARN_RANGE_LOOP_ANALYSIS = YES;
				CLANG_WARN_STRICT_PROTOTYPES = YES;
				CLANG_WARN_SUSPICIOUS_MOVE = YES;
				CLANG_WARN_UNGUARDED_AVAILABILITY = YES_AGGRESSIVE;
				CLANG_WARN_UNREACHABLE_CODE = YES;
				CLANG_WARN__DUPLICATE_METHOD_MATCH = YES;
				COPY_PHASE_STRIP = NO;
				DEBUG_INFORMATION_FORMAT = dwarf;
				ENABLE_STRICT_OBJC_MSGSEND = YES;
				ENABLE_TESTABILITY = YES;
				GCC_C_LANGUAGE_STANDARD = gnu11;
				GCC_DYNAMIC_NO_PIC = NO;
				GCC_NO_COMMON_BLOCKS = YES;
				GCC_OPTIMIZATION_LEVEL = 0;
				GCC_PREPROCESSOR_DEFINITIONS = (
					"DEBUG=1",
					"$(inherited)",
				);
				GCC_WARN_64_TO_32_BIT_CONVERSION = YES;
				GCC_WARN_ABOUT_RETURN_TYPE = YES_ERROR;
				GCC_WARN_UNDECLARED_SELECTOR = YES;
				GCC_WARN_UNINITIALIZED_AUTOS = YES_AGGRESSIVE;
				GCC_WARN_UNUSED_FUNCTION = YES;
				GCC_WARN_UNUSED_VARIABLE = YES;
				IPHONEOS_DEPLOYMENT_TARGET = 16.0;
				MTL_ENABLE_DEBUG_INFO = INCLUDE_SOURCE;
				MTL_FAST_MATH = YES;
				ONLY_ACTIVE_ARCH = YES;
				SDKROOT = iphoneos;
				SWIFT_ACTIVE_COMPILATION_CONDITIONS = DEBUG;
				SWIFT_OPTIMIZATION_LEVEL = "-Onone";
			};
			name = Debug;
		};
		A182F88228D3BE2B003230DF /* Release */ = {
			isa = XCBuildConfiguration;
			buildSettings = {
				ALWAYS_SEARCH_USER_PATHS = NO;
				CLANG_ANALYZER_NONNULL = YES;
				CLANG_ANALYZER_NUMBER_OBJECT_CONVERSION = YES_AGGRESSIVE;
				CLANG_CXX_LANGUAGE_STANDARD = "gnu++20";
				CLANG_ENABLE_MODULES = YES;
				CLANG_ENABLE_OBJC_ARC = YES;
				CLANG_ENABLE_OBJC_WEAK = YES;
				CLANG_WARN_BLOCK_CAPTURE_AUTORELEASING = YES;
				CLANG_WARN_BOOL_CONVERSION = YES;
				CLANG_WARN_COMMA = YES;
				CLANG_WARN_CONSTANT_CONVERSION = YES;
				CLANG_WARN_DEPRECATED_OBJC_IMPLEMENTATIONS = YES;
				CLANG_WARN_DIRECT_OBJC_ISA_USAGE = YES_ERROR;
				CLANG_WARN_DOCUMENTATION_COMMENTS = YES;
				CLANG_WARN_EMPTY_BODY = YES;
				CLANG_WARN_ENUM_CONVERSION = YES;
				CLANG_WARN_INFINITE_RECURSION = YES;
				CLANG_WARN_INT_CONVERSION = YES;
				CLANG_WARN_NON_LITERAL_NULL_CONVERSION = YES;
				CLANG_WARN_OBJC_IMPLICIT_RETAIN_SELF = YES;
				CLANG_WARN_OBJC_LITERAL_CONVERSION = YES;
				CLANG_WARN_OBJC_ROOT_CLASS = YES_ERROR;
				CLANG_WARN_QUOTED_INCLUDE_IN_FRAMEWORK_HEADER = YES;
				CLANG_WARN_RANGE_LOOP_ANALYSIS = YES;
				CLANG_WARN_STRICT_PROTOTYPES = YES;
				CLANG_WARN_SUSPICIOUS_MOVE = YES;
				CLANG_WARN_UNGUARDED_AVAILABILITY = YES_AGGRESSIVE;
				CLANG_WARN_UNREACHABLE_CODE = YES;
				CLANG_WARN__DUPLICATE_METHOD_MATCH = YES;
				COPY_PHASE_STRIP = NO;
				DEBUG_INFORMATION_FORMAT = "dwarf-with-dsym";
				ENABLE_NS_ASSERTIONS = NO;
				ENABLE_STRICT_OBJC_MSGSEND = YES;
				GCC_C_LANGUAGE_STANDARD = gnu11;
				GCC_NO_COMMON_BLOCKS = YES;
				GCC_WARN_64_TO_32_BIT_CONVERSION = YES;
				GCC_WARN_ABOUT_RETURN_TYPE = YES_ERROR;
				GCC_WARN_UNDECLARED_SELECTOR = YES;
				GCC_WARN_UNINITIALIZED_AUTOS = YES_AGGRESSIVE;
				GCC_WARN_UNUSED_FUNCTION = YES;
				GCC_WARN_UNUSED_VARIABLE = YES;
				IPHONEOS_DEPLOYMENT_TARGET = 16.0;
				MTL_ENABLE_DEBUG_INFO = NO;
				MTL_FAST_MATH = YES;
				SDKROOT = iphoneos;
				SWIFT_COMPILATION_MODE = wholemodule;
				SWIFT_OPTIMIZATION_LEVEL = "-O";
				VALIDATE_PRODUCT = YES;
			};
			name = Release;
		};
		A182F88428D3BE2B003230DF /* Debug */ = {
			isa = XCBuildConfiguration;
			buildSettings = {
				ALWAYS_EMBED_SWIFT_STANDARD_LIBRARIES = YES;
				ASSETCATALOG_COMPILER_APPICON_NAME = AppIcon;
				ASSETCATALOG_COMPILER_GLOBAL_ACCENT_COLOR_NAME = AccentColor;
				CODE_SIGN_STYLE = Automatic;
				CURRENT_PROJECT_VERSION = 1;
				DEVELOPMENT_ASSET_PATHS = "\"moodwidgets/Preview Content\"";
				DEVELOPMENT_TEAM = JF8DW7C5A2;
				ENABLE_PREVIEWS = YES;
				GENERATE_INFOPLIST_FILE = YES;
				INFOPLIST_KEY_CFBundleDisplayName = "Moody Widgets";
				INFOPLIST_KEY_UIApplicationSceneManifest_Generation = YES;
				INFOPLIST_KEY_UIApplicationSupportsIndirectInputEvents = YES;
				INFOPLIST_KEY_UILaunchScreen_Generation = YES;
				INFOPLIST_KEY_UISupportedInterfaceOrientations_iPad = "UIInterfaceOrientationPortrait UIInterfaceOrientationPortraitUpsideDown UIInterfaceOrientationLandscapeLeft UIInterfaceOrientationLandscapeRight";
				INFOPLIST_KEY_UISupportedInterfaceOrientations_iPhone = "UIInterfaceOrientationPortrait UIInterfaceOrientationLandscapeLeft UIInterfaceOrientationLandscapeRight";
				LD_RUNPATH_SEARCH_PATHS = (
					"$(inherited)",
					"@executable_path/Frameworks",
				);
				MARKETING_VERSION = 1.0;
				PRODUCT_BUNDLE_IDENTIFIER = com.ouwargui.moodwidgets;
				PRODUCT_NAME = "$(TARGET_NAME)";
				SWIFT_EMIT_LOC_STRINGS = YES;
				SWIFT_VERSION = 5.0;
				TARGETED_DEVICE_FAMILY = "1,2";
			};
			name = Debug;
		};
		A182F88528D3BE2B003230DF /* Release */ = {
			isa = XCBuildConfiguration;
			buildSettings = {
				ALWAYS_EMBED_SWIFT_STANDARD_LIBRARIES = YES;
				ASSETCATALOG_COMPILER_APPICON_NAME = AppIcon;
				ASSETCATALOG_COMPILER_GLOBAL_ACCENT_COLOR_NAME = AccentColor;
				CODE_SIGN_STYLE = Automatic;
				CURRENT_PROJECT_VERSION = 1;
				DEVELOPMENT_ASSET_PATHS = "\"moodwidgets/Preview Content\"";
				DEVELOPMENT_TEAM = JF8DW7C5A2;
				ENABLE_PREVIEWS = YES;
				GENERATE_INFOPLIST_FILE = YES;
				INFOPLIST_KEY_CFBundleDisplayName = "Moody Widgets";
				INFOPLIST_KEY_UIApplicationSceneManifest_Generation = YES;
				INFOPLIST_KEY_UIApplicationSupportsIndirectInputEvents = YES;
				INFOPLIST_KEY_UILaunchScreen_Generation = YES;
				INFOPLIST_KEY_UISupportedInterfaceOrientations_iPad = "UIInterfaceOrientationPortrait UIInterfaceOrientationPortraitUpsideDown UIInterfaceOrientationLandscapeLeft UIInterfaceOrientationLandscapeRight";
				INFOPLIST_KEY_UISupportedInterfaceOrientations_iPhone = "UIInterfaceOrientationPortrait UIInterfaceOrientationLandscapeLeft UIInterfaceOrientationLandscapeRight";
				LD_RUNPATH_SEARCH_PATHS = (
					"$(inherited)",
					"@executable_path/Frameworks",
				);
				MARKETING_VERSION = 1.0;
				PRODUCT_BUNDLE_IDENTIFIER = com.ouwargui.moodwidgets;
				PRODUCT_NAME = "$(TARGET_NAME)";
				SWIFT_EMIT_LOC_STRINGS = YES;
				SWIFT_VERSION = 5.0;
				TARGETED_DEVICE_FAMILY = "1,2";
			};
			name = Release;
		};
		A182F88728D3BE2B003230DF /* Debug */ = {
			isa = XCBuildConfiguration;
			buildSettings = {
				ALWAYS_EMBED_SWIFT_STANDARD_LIBRARIES = YES;
				BUNDLE_LOADER = "$(TEST_HOST)";
				CODE_SIGN_STYLE = Automatic;
				CURRENT_PROJECT_VERSION = 1;
				DEVELOPMENT_TEAM = JF8DW7C5A2;
				GENERATE_INFOPLIST_FILE = YES;
				IPHONEOS_DEPLOYMENT_TARGET = 16.0;
				MARKETING_VERSION = 1.0;
				PRODUCT_BUNDLE_IDENTIFIER = com.ouwargui.moodwidgetsTests;
				PRODUCT_NAME = "$(TARGET_NAME)";
				SWIFT_EMIT_LOC_STRINGS = NO;
				SWIFT_VERSION = 5.0;
				TARGETED_DEVICE_FAMILY = "1,2";
				TEST_HOST = "$(BUILT_PRODUCTS_DIR)/moodwidgets.app/$(BUNDLE_EXECUTABLE_FOLDER_PATH)/moodwidgets";
			};
			name = Debug;
		};
		A182F88828D3BE2B003230DF /* Release */ = {
			isa = XCBuildConfiguration;
			buildSettings = {
				ALWAYS_EMBED_SWIFT_STANDARD_LIBRARIES = YES;
				BUNDLE_LOADER = "$(TEST_HOST)";
				CODE_SIGN_STYLE = Automatic;
				CURRENT_PROJECT_VERSION = 1;
				DEVELOPMENT_TEAM = JF8DW7C5A2;
				GENERATE_INFOPLIST_FILE = YES;
				IPHONEOS_DEPLOYMENT_TARGET = 16.0;
				MARKETING_VERSION = 1.0;
				PRODUCT_BUNDLE_IDENTIFIER = com.ouwargui.moodwidgetsTests;
				PRODUCT_NAME = "$(TARGET_NAME)";
				SWIFT_EMIT_LOC_STRINGS = NO;
				SWIFT_VERSION = 5.0;
				TARGETED_DEVICE_FAMILY = "1,2";
				TEST_HOST = "$(BUILT_PRODUCTS_DIR)/moodwidgets.app/$(BUNDLE_EXECUTABLE_FOLDER_PATH)/moodwidgets";
			};
			name = Release;
		};
		A182F88A28D3BE2B003230DF /* Debug */ = {
			isa = XCBuildConfiguration;
			buildSettings = {
				ALWAYS_EMBED_SWIFT_STANDARD_LIBRARIES = YES;
				CODE_SIGN_STYLE = Automatic;
				CURRENT_PROJECT_VERSION = 1;
				DEVELOPMENT_TEAM = JF8DW7C5A2;
				GENERATE_INFOPLIST_FILE = YES;
				MARKETING_VERSION = 1.0;
				PRODUCT_BUNDLE_IDENTIFIER = com.ouwargui.moodwidgetsUITests;
				PRODUCT_NAME = "$(TARGET_NAME)";
				SWIFT_EMIT_LOC_STRINGS = NO;
				SWIFT_VERSION = 5.0;
				TARGETED_DEVICE_FAMILY = "1,2";
				TEST_TARGET_NAME = moodwidgets;
			};
			name = Debug;
		};
		A182F88B28D3BE2B003230DF /* Release */ = {
			isa = XCBuildConfiguration;
			buildSettings = {
				ALWAYS_EMBED_SWIFT_STANDARD_LIBRARIES = YES;
				CODE_SIGN_STYLE = Automatic;
				CURRENT_PROJECT_VERSION = 1;
				DEVELOPMENT_TEAM = JF8DW7C5A2;
				GENERATE_INFOPLIST_FILE = YES;
				MARKETING_VERSION = 1.0;
				PRODUCT_BUNDLE_IDENTIFIER = com.ouwargui.moodwidgetsUITests;
				PRODUCT_NAME = "$(TARGET_NAME)";
				SWIFT_EMIT_LOC_STRINGS = NO;
				SWIFT_VERSION = 5.0;
				TARGETED_DEVICE_FAMILY = "1,2";
				TEST_TARGET_NAME = moodwidgets;
			};
			name = Release;
		};
		A182F8A128D3E56D003230DF /* Debug */ = {
			isa = XCBuildConfiguration;
			buildSettings = {
				ASSETCATALOG_COMPILER_GLOBAL_ACCENT_COLOR_NAME = AccentColor;
				ASSETCATALOG_COMPILER_WIDGET_BACKGROUND_COLOR_NAME = WidgetBackground;
				CODE_SIGN_STYLE = Automatic;
				CURRENT_PROJECT_VERSION = 1;
				DEVELOPMENT_TEAM = JF8DW7C5A2;
				GENERATE_INFOPLIST_FILE = YES;
				INFOPLIST_FILE = widgets/Info.plist;
				INFOPLIST_KEY_CFBundleDisplayName = widgets;
				INFOPLIST_KEY_NSHumanReadableCopyright = "";
				LD_RUNPATH_SEARCH_PATHS = (
					"$(inherited)",
					"@executable_path/Frameworks",
					"@executable_path/../../Frameworks",
				);
				MARKETING_VERSION = 1.0;
				PRODUCT_BUNDLE_IDENTIFIER = com.ouwargui.moodwidgets.widgets;
				PRODUCT_NAME = "$(TARGET_NAME)";
				SKIP_INSTALL = YES;
				SWIFT_EMIT_LOC_STRINGS = YES;
				SWIFT_VERSION = 5.0;
				TARGETED_DEVICE_FAMILY = "1,2";
			};
			name = Debug;
		};
		A182F8A228D3E56D003230DF /* Release */ = {
			isa = XCBuildConfiguration;
			buildSettings = {
				ASSETCATALOG_COMPILER_GLOBAL_ACCENT_COLOR_NAME = AccentColor;
				ASSETCATALOG_COMPILER_WIDGET_BACKGROUND_COLOR_NAME = WidgetBackground;
				CODE_SIGN_STYLE = Automatic;
				CURRENT_PROJECT_VERSION = 1;
				DEVELOPMENT_TEAM = JF8DW7C5A2;
				GENERATE_INFOPLIST_FILE = YES;
				INFOPLIST_FILE = widgets/Info.plist;
				INFOPLIST_KEY_CFBundleDisplayName = widgets;
				INFOPLIST_KEY_NSHumanReadableCopyright = "";
				LD_RUNPATH_SEARCH_PATHS = (
					"$(inherited)",
					"@executable_path/Frameworks",
					"@executable_path/../../Frameworks",
				);
				MARKETING_VERSION = 1.0;
				PRODUCT_BUNDLE_IDENTIFIER = com.ouwargui.moodwidgets.widgets;
				PRODUCT_NAME = "$(TARGET_NAME)";
				SKIP_INSTALL = YES;
				SWIFT_EMIT_LOC_STRINGS = YES;
				SWIFT_VERSION = 5.0;
				TARGETED_DEVICE_FAMILY = "1,2";
			};
			name = Release;
		};
/* End XCBuildConfiguration section */

/* Begin XCConfigurationList section */
		A182F85A28D3BE29003230DF /* Build configuration list for PBXProject "moodwidgets" */ = {
			isa = XCConfigurationList;
			buildConfigurations = (
				A182F88128D3BE2B003230DF /* Debug */,
				A182F88228D3BE2B003230DF /* Release */,
			);
			defaultConfigurationIsVisible = 0;
			defaultConfigurationName = Release;
		};
		A182F88328D3BE2B003230DF /* Build configuration list for PBXNativeTarget "moodwidgets" */ = {
			isa = XCConfigurationList;
			buildConfigurations = (
				A182F88428D3BE2B003230DF /* Debug */,
				A182F88528D3BE2B003230DF /* Release */,
			);
			defaultConfigurationIsVisible = 0;
			defaultConfigurationName = Release;
		};
		A182F88628D3BE2B003230DF /* Build configuration list for PBXNativeTarget "moodwidgetsTests" */ = {
			isa = XCConfigurationList;
			buildConfigurations = (
				A182F88728D3BE2B003230DF /* Debug */,
				A182F88828D3BE2B003230DF /* Release */,
			);
			defaultConfigurationIsVisible = 0;
			defaultConfigurationName = Release;
		};
		A182F88928D3BE2B003230DF /* Build configuration list for PBXNativeTarget "moodwidgetsUITests" */ = {
			isa = XCConfigurationList;
			buildConfigurations = (
				A182F88A28D3BE2B003230DF /* Debug */,
				A182F88B28D3BE2B003230DF /* Release */,
			);
			defaultConfigurationIsVisible = 0;
			defaultConfigurationName = Release;
		};
		A182F8A028D3E56D003230DF /* Build configuration list for PBXNativeTarget "widgetsExtension" */ = {
			isa = XCConfigurationList;
			buildConfigurations = (
				A182F8A128D3E56D003230DF /* Debug */,
				A182F8A228D3E56D003230DF /* Release */,
			);
			defaultConfigurationIsVisible = 0;
			defaultConfigurationName = Release;
		};
/* End XCConfigurationList section */
	};
	rootObject = A182F85728D3BE29003230DF /* Project object */;
}
